// !$*UTF8*$!
{
	archiveVersion = 1;
	classes = {
	};
	objectVersion = 52;
	objects = {

/* Begin PBXBuildFile section */
		063F5190272FED2F003D61B0 /* AppDelegate.swift in Sources */ = {isa = PBXBuildFile; fileRef = 063F518F272FED2F003D61B0 /* AppDelegate.swift */; };
		063F5192272FED2F003D61B0 /* SceneDelegate.swift in Sources */ = {isa = PBXBuildFile; fileRef = 063F5191272FED2F003D61B0 /* SceneDelegate.swift */; };
		063F5194272FED2F003D61B0 /* ViewController.swift in Sources */ = {isa = PBXBuildFile; fileRef = 063F5193272FED2F003D61B0 /* ViewController.swift */; };
		063F5197272FED2F003D61B0 /* Main.storyboard in Resources */ = {isa = PBXBuildFile; fileRef = 063F5195272FED2F003D61B0 /* Main.storyboard */; };
		063F5199272FED30003D61B0 /* Assets.xcassets in Resources */ = {isa = PBXBuildFile; fileRef = 063F5198272FED30003D61B0 /* Assets.xcassets */; };
		063F519C272FED30003D61B0 /* LaunchScreen.storyboard in Resources */ = {isa = PBXBuildFile; fileRef = 063F519A272FED30003D61B0 /* LaunchScreen.storyboard */; };
		063F51A6272FEE1C003D61B0 /* Alamofire in Frameworks */ = {isa = PBXBuildFile; productRef = 063F51A5272FEE1C003D61B0 /* Alamofire */; };
		063F51AA272FEE68003D61B0 /* SwiftyJSON in Frameworks */ = {isa = PBXBuildFile; productRef = 063F51A9272FEE68003D61B0 /* SwiftyJSON */; };
		063F51AD272FF82F003D61B0 /* TableViewController.swift in Sources */ = {isa = PBXBuildFile; fileRef = 063F51AC272FF82F003D61B0 /* TableViewController.swift */; };
/* End PBXBuildFile section */

/* Begin PBXFileReference section */
		063F518C272FED2F003D61B0 /* B-52.app */ = {isa = PBXFileReference; explicitFileType = wrapper.application; includeInIndex = 0; path = "B-52.app"; sourceTree = BUILT_PRODUCTS_DIR; };
		063F518F272FED2F003D61B0 /* AppDelegate.swift */ = {isa = PBXFileReference; lastKnownFileType = sourcecode.swift; path = AppDelegate.swift; sourceTree = "<group>"; };
		063F5191272FED2F003D61B0 /* SceneDelegate.swift */ = {isa = PBXFileReference; lastKnownFileType = sourcecode.swift; path = SceneDelegate.swift; sourceTree = "<group>"; };
		063F5193272FED2F003D61B0 /* ViewController.swift */ = {isa = PBXFileReference; lastKnownFileType = sourcecode.swift; path = ViewController.swift; sourceTree = "<group>"; };
		063F5196272FED2F003D61B0 /* Base */ = {isa = PBXFileReference; lastKnownFileType = file.storyboard; name = Base; path = Base.lproj/Main.storyboard; sourceTree = "<group>"; };
		063F5198272FED30003D61B0 /* Assets.xcassets */ = {isa = PBXFileReference; lastKnownFileType = folder.assetcatalog; path = Assets.xcassets; sourceTree = "<group>"; };
		063F519B272FED30003D61B0 /* Base */ = {isa = PBXFileReference; lastKnownFileType = file.storyboard; name = Base; path = Base.lproj/LaunchScreen.storyboard; sourceTree = "<group>"; };
		063F519D272FED30003D61B0 /* Info.plist */ = {isa = PBXFileReference; lastKnownFileType = text.plist.xml; path = Info.plist; sourceTree = "<group>"; };
		063F51AC272FF82F003D61B0 /* TableViewController.swift */ = {isa = PBXFileReference; lastKnownFileType = sourcecode.swift; path = TableViewController.swift; sourceTree = "<group>"; };
/* End PBXFileReference section */

/* Begin PBXFrameworksBuildPhase section */
		063F5189272FED2F003D61B0 /* Frameworks */ = {
			isa = PBXFrameworksBuildPhase;
			buildActionMask = 2147483647;
			files = (
				063F51AA272FEE68003D61B0 /* SwiftyJSON in Frameworks */,
				063F51A6272FEE1C003D61B0 /* Alamofire in Frameworks */,
			);
			runOnlyForDeploymentPostprocessing = 0;
		};
/* End PBXFrameworksBuildPhase section */

/* Begin PBXGroup section */
		063F5183272FED2F003D61B0 = {
			isa = PBXGroup;
			children = (
				063F51AC272FF82F003D61B0 /* TableViewController.swift */,
				063F518E272FED2F003D61B0 /* B-52 */,
				063F518D272FED2F003D61B0 /* Products */,
			);
			sourceTree = "<group>";
		};
		063F518D272FED2F003D61B0 /* Products */ = {
			isa = PBXGroup;
			children = (
				063F518C272FED2F003D61B0 /* B-52.app */,
			);
			name = Products;
			sourceTree = "<group>";
		};
		063F518E272FED2F003D61B0 /* B-52 */ = {
			isa = PBXGroup;
			children = (
				063F518F272FED2F003D61B0 /* AppDelegate.swift */,
				063F5191272FED2F003D61B0 /* SceneDelegate.swift */,
				063F5193272FED2F003D61B0 /* ViewController.swift */,
				063F5195272FED2F003D61B0 /* Main.storyboard */,
				063F5198272FED30003D61B0 /* Assets.xcassets */,
				063F519A272FED30003D61B0 /* LaunchScreen.storyboard */,
				063F519D272FED30003D61B0 /* Info.plist */,
			);
			path = "B-52";
			sourceTree = "<group>";
		};
/* End PBXGroup section */

/* Begin PBXNativeTarget section */
		063F518B272FED2F003D61B0 /* B-52 */ = {
			isa = PBXNativeTarget;
			buildConfigurationList = 063F51A0272FED30003D61B0 /* Build configuration list for PBXNativeTarget "B-52" */;
			buildPhases = (
				063F5188272FED2F003D61B0 /* Sources */,
				063F5189272FED2F003D61B0 /* Frameworks */,
				063F518A272FED2F003D61B0 /* Resources */,
			);
			buildRules = (
			);
			dependencies = (
			);
			name = "B-52";
			packageProductDependencies = (
				063F51A5272FEE1C003D61B0 /* Alamofire */,
				063F51A9272FEE68003D61B0 /* SwiftyJSON */,
			);
			productName = "B-52";
			productReference = 063F518C272FED2F003D61B0 /* B-52.app */;
			productType = "com.apple.product-type.application";
		};
/* End PBXNativeTarget section */

/* Begin PBXProject section */
		063F5184272FED2F003D61B0 /* Project object */ = {
			isa = PBXProject;
			attributes = {
				LastSwiftUpdateCheck = 1230;
				LastUpgradeCheck = 1230;
				TargetAttributes = {
					063F518B272FED2F003D61B0 = {
						CreatedOnToolsVersion = 12.3;
					};
				};
			};
			buildConfigurationList = 063F5187272FED2F003D61B0 /* Build configuration list for PBXProject "B-52" */;
			compatibilityVersion = "Xcode 9.3";
			developmentRegion = en;
			hasScannedForEncodings = 0;
			knownRegions = (
				en,
				Base,
			);
			mainGroup = 063F5183272FED2F003D61B0;
			packageReferences = (
				063F51A4272FEE1C003D61B0 /* XCRemoteSwiftPackageReference "Alamofire" */,
				063F51A8272FEE68003D61B0 /* XCRemoteSwiftPackageReference "SwiftyJSON" */,
			);
			productRefGroup = 063F518D272FED2F003D61B0 /* Products */;
			projectDirPath = "";
			projectRoot = "";
			targets = (
				063F518B272FED2F003D61B0 /* B-52 */,
			);
		};
/* End PBXProject section */

/* Begin PBXResourcesBuildPhase section */
		063F518A272FED2F003D61B0 /* Resources */ = {
			isa = PBXResourcesBuildPhase;
			buildActionMask = 2147483647;
			files = (
				063F519C272FED30003D61B0 /* LaunchScreen.storyboard in Resources */,
				063F5199272FED30003D61B0 /* Assets.xcassets in Resources */,
				063F5197272FED2F003D61B0 /* Main.storyboard in Resources */,
			);
			runOnlyForDeploymentPostprocessing = 0;
		};
/* End PBXResourcesBuildPhase section */

/* Begin PBXSourcesBuildPhase section */
		063F5188272FED2F003D61B0 /* Sources */ = {
			isa = PBXSourcesBuildPhase;
			buildActionMask = 2147483647;
			files = (
				063F5194272FED2F003D61B0 /* ViewController.swift in Sources */,
				063F5190272FED2F003D61B0 /* AppDelegate.swift in Sources */,
				063F5192272FED2F003D61B0 /* SceneDelegate.swift in Sources */,
				063F51AD272FF82F003D61B0 /* TableViewController.swift in Sources */,
			);
			runOnlyForDeploymentPostprocessing = 0;
		};
/* End PBXSourcesBuildPhase section */

/* Begin PBXVariantGroup section */
		063F5195272FED2F003D61B0 /* Main.storyboard */ = {
			isa = PBXVariantGroup;
			children = (
				063F5196272FED2F003D61B0 /* Base */,
			);
			name = Main.storyboard;
			sourceTree = "<group>";
		};
		063F519A272FED30003D61B0 /* LaunchScreen.storyboard */ = {
			isa = PBXVariantGroup;
			children = (
				063F519B272FED30003D61B0 /* Base */,
			);
			name = LaunchScreen.storyboard;
			sourceTree = "<group>";
		};
/* End PBXVariantGroup section */

/* Begin XCBuildConfiguration section */
		063F519E272FED30003D61B0 /* Debug */ = {
			isa = XCBuildConfiguration;
			buildSettings = {
				ALWAYS_SEARCH_USER_PATHS = NO;
				CLANG_ANALYZER_NONNULL = YES;
				CLANG_ANALYZER_NUMBER_OBJECT_CONVERSION = YES_AGGRESSIVE;
				CLANG_CXX_LANGUAGE_STANDARD = "gnu++14";
				CLANG_CXX_LIBRARY = "libc++";
				CLANG_ENABLE_MODULES = YES;
				CLANG_ENABLE_OBJC_ARC = YES;
				CLANG_ENABLE_OBJC_WEAK = YES;
				CLANG_WARN_BLOCK_CAPTURE_AUTORELEASING = YES;
				CLANG_WARN_BOOL_CONVERSION = YES;
				CLANG_WARN_COMMA = YES;
				CLANG_WARN_CONSTANT_CONVERSION = YES;
				CLANG_WARN_DEPRECATED_OBJC_IMPLEMENTATIONS = YES;
				CLANG_WARN_DIRECT_OBJC_ISA_USAGE = YES_ERROR;
				CLANG_WARN_DOCUMENTATION_COMMENTS = YES;
				CLANG_WARN_EMPTY_BODY = YES;
				CLANG_WARN_ENUM_CONVERSION = YES;
				CLANG_WARN_INFINITE_RECURSION = YES;
				CLANG_WARN_INT_CONVERSION = YES;
				CLANG_WARN_NON_LITERAL_NULL_CONVERSION = YES;
				CLANG_WARN_OBJC_IMPLICIT_RETAIN_SELF = YES;
				CLANG_WARN_OBJC_LITERAL_CONVERSION = YES;
				CLANG_WARN_OBJC_ROOT_CLASS = YES_ERROR;
				CLANG_WARN_QUOTED_INCLUDE_IN_FRAMEWORK_HEADER = YES;
				CLANG_WARN_RANGE_LOOP_ANALYSIS = YES;
				CLANG_WARN_STRICT_PROTOTYPES = YES;
				CLANG_WARN_SUSPICIOUS_MOVE = YES;
				CLANG_WARN_UNGUARDED_AVAILABILITY = YES_AGGRESSIVE;
				CLANG_WARN_UNREACHABLE_CODE = YES;
				CLANG_WARN__DUPLICATE_METHOD_MATCH = YES;
				COPY_PHASE_STRIP = NO;
				DEBUG_INFORMATION_FORMAT = dwarf;
				ENABLE_STRICT_OBJC_MSGSEND = YES;
				ENABLE_TESTABILITY = YES;
				GCC_C_LANGUAGE_STANDARD = gnu11;
				GCC_DYNAMIC_NO_PIC = NO;
				GCC_NO_COMMON_BLOCKS = YES;
				GCC_OPTIMIZATION_LEVEL = 0;
				GCC_PREPROCESSOR_DEFINITIONS = (
					"DEBUG=1",
					"$(inherited)",
				);
				GCC_WARN_64_TO_32_BIT_CONVERSION = YES;
				GCC_WARN_ABOUT_RETURN_TYPE = YES_ERROR;
				GCC_WARN_UNDECLARED_SELECTOR = YES;
				GCC_WARN_UNINITIALIZED_AUTOS = YES_AGGRESSIVE;
				GCC_WARN_UNUSED_FUNCTION = YES;
				GCC_WARN_UNUSED_VARIABLE = YES;
				IPHONEOS_DEPLOYMENT_TARGET = 14.3;
				MTL_ENABLE_DEBUG_INFO = INCLUDE_SOURCE;
				MTL_FAST_MATH = YES;
				ONLY_ACTIVE_ARCH = YES;
				SDKROOT = iphoneos;
				SWIFT_ACTIVE_COMPILATION_CONDITIONS = DEBUG;
				SWIFT_OPTIMIZATION_LEVEL = "-Onone";
			};
			name = Debug;
		};
		063F519F272FED30003D61B0 /* Release */ = {
			isa = XCBuildConfiguration;
			buildSettings = {
				ALWAYS_SEARCH_USER_PATHS = NO;
				CLANG_ANALYZER_NONNULL = YES;
				CLANG_ANALYZER_NUMBER_OBJECT_CONVERSION = YES_AGGRESSIVE;
				CLANG_CXX_LANGUAGE_STANDARD = "gnu++14";
				CLANG_CXX_LIBRARY = "libc++";
				CLANG_ENABLE_MODULES = YES;
				CLANG_ENABLE_OBJC_ARC = YES;
				CLANG_ENABLE_OBJC_WEAK = YES;
				CLANG_WARN_BLOCK_CAPTURE_AUTORELEASING = YES;
				CLANG_WARN_BOOL_CONVERSION = YES;
				CLANG_WARN_COMMA = YES;
				CLANG_WARN_CONSTANT_CONVERSION = YES;
				CLANG_WARN_DEPRECATED_OBJC_IMPLEMENTATIONS = YES;
				CLANG_WARN_DIRECT_OBJC_ISA_USAGE = YES_ERROR;
				CLANG_WARN_DOCUMENTATION_COMMENTS = YES;
				CLANG_WARN_EMPTY_BODY = YES;
				CLANG_WARN_ENUM_CONVERSION = YES;
				CLANG_WARN_INFINITE_RECURSION = YES;
				CLANG_WARN_INT_CONVERSION = YES;
				CLANG_WARN_NON_LITERAL_NULL_CONVERSION = YES;
				CLANG_WARN_OBJC_IMPLICIT_RETAIN_SELF = YES;
				CLANG_WARN_OBJC_LITERAL_CONVERSION = YES;
				CLANG_WARN_OBJC_ROOT_CLASS = YES_ERROR;
				CLANG_WARN_QUOTED_INCLUDE_IN_FRAMEWORK_HEADER = YES;
				CLANG_WARN_RANGE_LOOP_ANALYSIS = YES;
				CLANG_WARN_STRICT_PROTOTYPES = YES;
				CLANG_WARN_SUSPICIOUS_MOVE = YES;
				CLANG_WARN_UNGUARDED_AVAILABILITY = YES_AGGRESSIVE;
				CLANG_WARN_UNREACHABLE_CODE = YES;
				CLANG_WARN__DUPLICATE_METHOD_MATCH = YES;
				COPY_PHASE_STRIP = NO;
				DEBUG_INFORMATION_FORMAT = "dwarf-with-dsym";
				ENABLE_NS_ASSERTIONS = NO;
				ENABLE_STRICT_OBJC_MSGSEND = YES;
				GCC_C_LANGUAGE_STANDARD = gnu11;
				GCC_NO_COMMON_BLOCKS = YES;
				GCC_WARN_64_TO_32_BIT_CONVERSION = YES;
				GCC_WARN_ABOUT_RETURN_TYPE = YES_ERROR;
				GCC_WARN_UNDECLARED_SELECTOR = YES;
				GCC_WARN_UNINITIALIZED_AUTOS = YES_AGGRESSIVE;
				GCC_WARN_UNUSED_FUNCTION = YES;
				GCC_WARN_UNUSED_VARIABLE = YES;
				IPHONEOS_DEPLOYMENT_TARGET = 14.3;
				MTL_ENABLE_DEBUG_INFO = NO;
				MTL_FAST_MATH = YES;
				SDKROOT = iphoneos;
				SWIFT_COMPILATION_MODE = wholemodule;
				SWIFT_OPTIMIZATION_LEVEL = "-O";
				VALIDATE_PRODUCT = YES;
			};
			name = Release;
		};
		063F51A1272FED30003D61B0 /* Debug */ = {
			isa = XCBuildConfiguration;
			buildSettings = {
				ASSETCATALOG_COMPILER_APPICON_NAME = AppIcon;
				ASSETCATALOG_COMPILER_GLOBAL_ACCENT_COLOR_NAME = AccentColor;
				CODE_SIGN_STYLE = Automatic;
				INFOPLIST_FILE = "B-52/Info.plist";
				LD_RUNPATH_SEARCH_PATHS = (
					"$(inherited)",
					"@executable_path/Frameworks",
				);
				PRODUCT_BUNDLE_IDENTIFIER = "Jylia.B-52";
				PRODUCT_NAME = "$(TARGET_NAME)";
				SWIFT_VERSION = 5.0;
				TARGETED_DEVICE_FAMILY = "1,2";
			};
			name = Debug;
		};
		063F51A2272FED30003D61B0 /* Release */ = {
			isa = XCBuildConfiguration;
			buildSettings = {
				ASSETCATALOG_COMPILER_APPICON_NAME = AppIcon;
				ASSETCATALOG_COMPILER_GLOBAL_ACCENT_COLOR_NAME = AccentColor;
				CODE_SIGN_STYLE = Automatic;
				INFOPLIST_FILE = "B-52/Info.plist";
				LD_RUNPATH_SEARCH_PATHS = (
					"$(inherited)",
					"@executable_path/Frameworks",
				);
				PRODUCT_BUNDLE_IDENTIFIER = "Jylia.B-52";
				PRODUCT_NAME = "$(TARGET_NAME)";
				SWIFT_VERSION = 5.0;
				TARGETED_DEVICE_FAMILY = "1,2";
			};
			name = Release;
		};
/* End XCBuildConfiguration section */

/* Begin XCConfigurationList section */
		063F5187272FED2F003D61B0 /* Build configuration list for PBXProject "B-52" */ = {
			isa = XCConfigurationList;
			buildConfigurations = (
				063F519E272FED30003D61B0 /* Debug */,
				063F519F272FED30003D61B0 /* Release */,
			);
			defaultConfigurationIsVisible = 0;
			defaultConfigurationName = Release;
		};
		063F51A0272FED30003D61B0 /* Build configuration list for PBXNativeTarget "B-52" */ = {
			isa = XCConfigurationList;
			buildConfigurations = (
				063F51A1272FED30003D61B0 /* Debug */,
				063F51A2272FED30003D61B0 /* Release */,
			);
			defaultConfigurationIsVisible = 0;
			defaultConfigurationName = Release;
		};
/* End XCConfigurationList section */

/* Begin XCRemoteSwiftPackageReference section */
		063F51A4272FEE1C003D61B0 /* XCRemoteSwiftPackageReference "Alamofire" */ = {
			isa = XCRemoteSwiftPackageReference;
			repositoryURL = "https://github.com/Alamofire/Alamofire.git";
			requirement = {
				kind = upToNextMajorVersion;
				minimumVersion = 5.4.4;
			};
		};
		063F51A8272FEE68003D61B0 /* XCRemoteSwiftPackageReference "SwiftyJSON" */ = {
			isa = XCRemoteSwiftPackageReference;
			repositoryURL = "https://github.com/SwiftyJSON/SwiftyJSON.git";
			requirement = {
				kind = upToNextMajorVersion;
				minimumVersion = 5.0.1;
			};
		};
/* End XCRemoteSwiftPackageReference section */

/* Begin XCSwiftPackageProductDependency section */
		063F51A5272FEE1C003D61B0 /* Alamofire */ = {
			isa = XCSwiftPackageProductDependency;
			package = 063F51A4272FEE1C003D61B0 /* XCRemoteSwiftPackageReference "Alamofire" */;
			productName = Alamofire;
		};
		063F51A9272FEE68003D61B0 /* SwiftyJSON */ = {
			isa = XCSwiftPackageProductDependency;
			package = 063F51A8272FEE68003D61B0 /* XCRemoteSwiftPackageReference "SwiftyJSON" */;
			productName = SwiftyJSON;
		};
/* End XCSwiftPackageProductDependency section */
	};
	rootObject = 063F5184272FED2F003D61B0 /* Project object */;
}
